
Microsoft Visual Studio Solution File, Format Version 12.00
# Visual Studio 15
VisualStudioVersion = 15.0.28010.2046
MinimumVisualStudioVersion = 10.0.40219.1
Project("{FAE04EC0-301F-11D3-BF4B-00C04F79EFBC}") = "Task4", "Task4\Task4.csproj", "{0613B70B-1AFA-43FC-B01D-88D3E355A830}"
EndProject
Project("{FAE04EC0-301F-11D3-BF4B-00C04F79EFBC}") = "Test", "Test\Test.csproj", "{D9077C28-2E9E-4215-89B5-B74C80058704}"
EndProject
Global
	GlobalSection(SolutionConfigurationPlatforms) = preSolution
		Debug|Any CPU = Debug|Any CPU
		Release|Any CPU = Release|Any CPU
	EndGlobalSection
	GlobalSection(ProjectConfigurationPlatforms) = postSolution
		{0613B70B-1AFA-43FC-B01D-88D3E355A830}.Debug|Any CPU.ActiveCfg = Debug|Any CPU
		{0613B70B-1AFA-43FC-B01D-88D3E355A830}.Debug|Any CPU.Build.0 = Debug|Any CPU
		{0613B70B-1AFA-43FC-B01D-88D3E355A830}.Release|Any CPU.ActiveCfg = Release|Any CPU
		{0613B70B-1AFA-43FC-B01D-88D3E355A830}.Release|Any CPU.Build.0 = Release|Any CPU
		{D9077C28-2E9E-4215-89B5-B74C80058704}.Debug|Any CPU.ActiveCfg = Debug|Any CPU
		{D9077C28-2E9E-4215-89B5-B74C80058704}.Debug|Any CPU.Build.0 = Debug|Any CPU
		{D9077C28-2E9E-4215-89B5-B74C80058704}.Release|Any CPU.ActiveCfg = Release|Any CPU
		{D9077C28-2E9E-4215-89B5-B74C80058704}.Release|Any CPU.Build.0 = Release|Any CPU
	EndGlobalSection
	GlobalSection(SolutionProperties) = preSolution
		HideSolutionNode = FALSE
	EndGlobalSection
	GlobalSection(ExtensibilityGlobals) = postSolution
		SolutionGuid = {7991050C-A9F4-408C-B27C-74640E185E7E}
	EndGlobalSection
EndGlobal
