
Microsoft Visual Studio Solution File, Format Version 12.00
# Visual Studio 15
VisualStudioVersion = 15.0.28010.2003
MinimumVisualStudioVersion = 10.0.40219.1
Project("{FAE04EC0-301F-11D3-BF4B-00C04F79EFBC}") = "Task1", "Task1\Task1.csproj", "{438EB5E7-FD66-4242-AD13-4C2C5D29BF17}"
EndProject
Project("{FAE04EC0-301F-11D3-BF4B-00C04F79EFBC}") = "Tests", "Tests\Tests.csproj", "{E6CEBD5B-69A3-459D-95C2-F9B772B930D7}"
EndProject
Global
	GlobalSection(SolutionConfigurationPlatforms) = preSolution
		Debug|Any CPU = Debug|Any CPU
		Release|Any CPU = Release|Any CPU
	EndGlobalSection
	GlobalSection(ProjectConfigurationPlatforms) = postSolution
		{438EB5E7-FD66-4242-AD13-4C2C5D29BF17}.Debug|Any CPU.ActiveCfg = Debug|Any CPU
		{438EB5E7-FD66-4242-AD13-4C2C5D29BF17}.Debug|Any CPU.Build.0 = Debug|Any CPU
		{438EB5E7-FD66-4242-AD13-4C2C5D29BF17}.Release|Any CPU.ActiveCfg = Release|Any CPU
		{438EB5E7-FD66-4242-AD13-4C2C5D29BF17}.Release|Any CPU.Build.0 = Release|Any CPU
		{E6CEBD5B-69A3-459D-95C2-F9B772B930D7}.Debug|Any CPU.ActiveCfg = Debug|Any CPU
		{E6CEBD5B-69A3-459D-95C2-F9B772B930D7}.Debug|Any CPU.Build.0 = Debug|Any CPU
		{E6CEBD5B-69A3-459D-95C2-F9B772B930D7}.Release|Any CPU.ActiveCfg = Release|Any CPU
		{E6CEBD5B-69A3-459D-95C2-F9B772B930D7}.Release|Any CPU.Build.0 = Release|Any CPU
	EndGlobalSection
	GlobalSection(SolutionProperties) = preSolution
		HideSolutionNode = FALSE
	EndGlobalSection
	GlobalSection(ExtensibilityGlobals) = postSolution
		SolutionGuid = {E8D01DE5-A408-4699-97D6-77811521CEA2}
	EndGlobalSection
EndGlobal
